
Microsoft Visual Studio Solution File, Format Version 12.00
# Visual Studio Version 17
VisualStudioVersion = 17.8.34330.188
MinimumVisualStudioVersion = 10.0.40219.1
Project("{A07B5EB6-E848-4116-A8D0-A826331D98C6}") = "Application1", "Application1.sfproj", "{AB9037F6-AE55-4E26-82C6-64D0F3023B0D}"
EndProject
Project("{FAE04EC0-301F-11D3-BF4B-00C04F79EFBC}") = "Web1", "..\Web1\Web1.csproj", "{B989D595-470E-4896-B8BB-968AE6DDCD08}"
EndProject
Global
	GlobalSection(SolutionConfigurationPlatforms) = preSolution
		Debug|Any CPU = Debug|Any CPU
		Debug|x64 = Debug|x64
		Release|Any CPU = Release|Any CPU
		Release|x64 = Release|x64
	EndGlobalSection
	GlobalSection(ProjectConfigurationPlatforms) = postSolution
		{AB9037F6-AE55-4E26-82C6-64D0F3023B0D}.Debug|Any CPU.ActiveCfg = Debug|x64
		{AB9037F6-AE55-4E26-82C6-64D0F3023B0D}.Debug|Any CPU.Build.0 = Debug|x64
		{AB9037F6-AE55-4E26-82C6-64D0F3023B0D}.Debug|Any CPU.Deploy.0 = Debug|x64
		{AB9037F6-AE55-4E26-82C6-64D0F3023B0D}.Debug|x64.ActiveCfg = Debug|x64
		{AB9037F6-AE55-4E26-82C6-64D0F3023B0D}.Debug|x64.Build.0 = Debug|x64
		{AB9037F6-AE55-4E26-82C6-64D0F3023B0D}.Debug|x64.Deploy.0 = Debug|x64
		{AB9037F6-AE55-4E26-82C6-64D0F3023B0D}.Release|Any CPU.ActiveCfg = Release|x64
		{AB9037F6-AE55-4E26-82C6-64D0F3023B0D}.Release|Any CPU.Build.0 = Release|x64
		{AB9037F6-AE55-4E26-82C6-64D0F3023B0D}.Release|Any CPU.Deploy.0 = Release|x64
		{AB9037F6-AE55-4E26-82C6-64D0F3023B0D}.Release|x64.ActiveCfg = Release|x64
		{AB9037F6-AE55-4E26-82C6-64D0F3023B0D}.Release|x64.Build.0 = Release|x64
		{AB9037F6-AE55-4E26-82C6-64D0F3023B0D}.Release|x64.Deploy.0 = Release|x64
		{B989D595-470E-4896-B8BB-968AE6DDCD08}.Debug|Any CPU.ActiveCfg = Debug|Any CPU
		{B989D595-470E-4896-B8BB-968AE6DDCD08}.Debug|Any CPU.Build.0 = Debug|Any CPU
		{B989D595-470E-4896-B8BB-968AE6DDCD08}.Debug|x64.ActiveCfg = Debug|Any CPU
		{B989D595-470E-4896-B8BB-968AE6DDCD08}.Debug|x64.Build.0 = Debug|Any CPU
		{B989D595-470E-4896-B8BB-968AE6DDCD08}.Release|Any CPU.ActiveCfg = Release|Any CPU
		{B989D595-470E-4896-B8BB-968AE6DDCD08}.Release|Any CPU.Build.0 = Release|Any CPU
		{B989D595-470E-4896-B8BB-968AE6DDCD08}.Release|x64.ActiveCfg = Release|Any CPU
		{B989D595-470E-4896-B8BB-968AE6DDCD08}.Release|x64.Build.0 = Release|Any CPU
	EndGlobalSection
	GlobalSection(SolutionProperties) = preSolution
		HideSolutionNode = FALSE
	EndGlobalSection
	GlobalSection(ExtensibilityGlobals) = postSolution
		SolutionGuid = {3848F1C4-8A9D-4E17-976A-B604BA4BAF43}
	EndGlobalSection
EndGlobal
